
Microsoft Visual Studio Solution File, Format Version 12.00
# Visual Studio 14
VisualStudioVersion = 14.0.24720.0
MinimumVisualStudioVersion = 10.0.40219.1
Project("{FAE04EC0-301F-11D3-BF4B-00C04F79EFBC}") = "DbHelper", "DbHelper\DbHelper.csproj", "{B60E574D-9F42-4B0F-B68F-C1B6BCBBEE87}"
EndProject
Project("{FAE04EC0-301F-11D3-BF4B-00C04F79EFBC}") = "TestDbHelperMySQL", "TestDbHelperMySQL\TestDbHelperMySQL.csproj", "{23F64581-692C-48E9-AC56-91ABDABBBD84}"
EndProject
Global
	GlobalSection(SolutionConfigurationPlatforms) = preSolution
		Debug|Any CPU = Debug|Any CPU
		Release|Any CPU = Release|Any CPU
	EndGlobalSection
	GlobalSection(ProjectConfigurationPlatforms) = postSolution
		{B60E574D-9F42-4B0F-B68F-C1B6BCBBEE87}.Debug|Any CPU.ActiveCfg = Debug|Any CPU
		{B60E574D-9F42-4B0F-B68F-C1B6BCBBEE87}.Debug|Any CPU.Build.0 = Debug|Any CPU
		{B60E574D-9F42-4B0F-B68F-C1B6BCBBEE87}.Release|Any CPU.ActiveCfg = Release|Any CPU
		{B60E574D-9F42-4B0F-B68F-C1B6BCBBEE87}.Release|Any CPU.Build.0 = Release|Any CPU
		{23F64581-692C-48E9-AC56-91ABDABBBD84}.Debug|Any CPU.ActiveCfg = Debug|Any CPU
		{23F64581-692C-48E9-AC56-91ABDABBBD84}.Debug|Any CPU.Build.0 = Debug|Any CPU
		{23F64581-692C-48E9-AC56-91ABDABBBD84}.Release|Any CPU.ActiveCfg = Release|Any CPU
		{23F64581-692C-48E9-AC56-91ABDABBBD84}.Release|Any CPU.Build.0 = Release|Any CPU
	EndGlobalSection
	GlobalSection(SolutionProperties) = preSolution
		HideSolutionNode = FALSE
	EndGlobalSection
EndGlobal
